<Solution>
  <Configurations>
    <Platform Name="ARM64" />
    <Platform Name="x64" />
    <Platform Name="x86" />
  </Configurations>
  <Folder Name="/docs/">
    <File Path=".github\workflows\manual-release-test.yml" />
    <File Path=".github\workflows\release-please.yml" />
    <File Path=".gitignore" />
    <File Path="AGENTS.md" />
    <File Path="CHANGELOG.md" />
    <File Path="DEVELOPMENT.md" />
    <File Path="DEVELOPMENT_zh_CN.md" />
    <File Path="LICENSE.txt" />
    <File Path="README.md" />
    <File Path="README_zh_CN.md" />
  </Folder>
  <Folder Name="/src/">
    <Project Path="App/App.csproj">
      <Platform Solution="*|ARM64" Project="ARM64" />
      <Platform Solution="*|x64" Project="x64" />
      <Platform Solution="*|x86" Project="x86" />
      <Deploy />
    </Project>
    <Project Path="Core/Core.csproj" />
    <Project Path="Infrastructure/Infrastructure.csproj" />
  </Folder>
  <Folder Name="/tests/">
    <Project Path="App.Tests/App.Tests.csproj">
      <Platform Solution="*|ARM64" Project="ARM64" />
      <Platform Solution="*|x64" Project="x64" />
      <Platform Solution="*|x86" Project="x86" />
      <Deploy />
    </Project>
    <Project Path="Core.Tests/Core.Tests.csproj" />
  </Folder>
</Solution>
