<Solution>
  <Configurations>
    <Platform Name="ARM64" />
    <Platform Name="x64" />
    <Platform Name="x86" />
  </Configurations>
  <Folder Name="/src/">
    <Project Path="App/App.csproj">
      <Platform Solution="*|ARM64" Project="ARM64" />
      <Platform Solution="*|x64" Project="x64" />
      <Platform Solution="*|x86" Project="x86" />
      <Deploy />
    </Project>
    <Project Path="Core/Core.csproj" />
    <Project Path="Infrastructure/Infrastructure.csproj" />
  </Folder>
  <Folder Name="/tests/">
    <Project Path="App.Tests/App.Tests.csproj">
      <Platform Solution="*|ARM64" Project="ARM64" />
      <Platform Solution="*|x64" Project="x64" />
      <Platform Solution="*|x86" Project="x86" />
      <Deploy />
    </Project>
    <Project Path="Core.Tests/Core.Tests.csproj" />
  </Folder>
</Solution>
